// !$*UTF8*$!
{
	archiveVersion = 1;
	classes = {
	};
	objectVersion = 46;
	objects = {

/* Begin PBXBuildFile section */
		056513191EF489B4009EA38F /* PEPhotoEditorViewController.swift in Sources */ = {isa = PBXBuildFile; fileRef = 056513081EF489B4009EA38F /* PEPhotoEditorViewController.swift */; };
		0565131A1EF489B4009EA38F /* PEStickersViewController.swift in Sources */ = {isa = PBXBuildFile; fileRef = 056513091EF489B4009EA38F /* PEStickersViewController.swift */; };
		0565131B1EF489B4009EA38F /* PEColorCollectionViewCell.swift in Sources */ = {isa = PBXBuildFile; fileRef = 0565130A1EF489B4009EA38F /* PEColorCollectionViewCell.swift */; };
		0565131C1EF489B4009EA38F /* PEColorsCollectionViewDelegate.swift in Sources */ = {isa = PBXBuildFile; fileRef = 0565130B1EF489B4009EA38F /* PEColorsCollectionViewDelegate.swift */; };
		0565131D1EF489B4009EA38F /* PEEmojiCollectionViewCell.swift in Sources */ = {isa = PBXBuildFile; fileRef = 0565130C1EF489B4009EA38F /* PEEmojiCollectionViewCell.swift */; };
		0565131E1EF489B4009EA38F /* PEEmojisCollectionViewDelegate.swift in Sources */ = {isa = PBXBuildFile; fileRef = 0565130D1EF489B4009EA38F /* PEEmojisCollectionViewDelegate.swift */; };
		0565131F1EF489B4009EA38F /* PEStickerCollectionViewCell.swift in Sources */ = {isa = PBXBuildFile; fileRef = 0565130E1EF489B4009EA38F /* PEStickerCollectionViewCell.swift */; };
		056513201EF489B4009EA38F /* UIImage+Size.swift in Sources */ = {isa = PBXBuildFile; fileRef = 0565130F1EF489B4009EA38F /* UIImage+Size.swift */; };
		056513211EF489B4009EA38F /* UIImageView+Alpha.swift in Sources */ = {isa = PBXBuildFile; fileRef = 056513101EF489B4009EA38F /* UIImageView+Alpha.swift */; };
		056513221EF489B4009EA38F /* UIView+Image.swift in Sources */ = {isa = PBXBuildFile; fileRef = 056513111EF489B4009EA38F /* UIView+Image.swift */; };
		056513231EF489B4009EA38F /* Protocols.swift in Sources */ = {isa = PBXBuildFile; fileRef = 056513121EF489B4009EA38F /* Protocols.swift */; };
		056513241EF489B4009EA38F /* PEGradientView.swift in Sources */ = {isa = PBXBuildFile; fileRef = 056513131EF489B4009EA38F /* PEGradientView.swift */; };
		056513251EF489B4009EA38F /* PECropView.swift in Sources */ = {isa = PBXBuildFile; fileRef = 056513141EF489B4009EA38F /* PECropView.swift */; };
		056513261EF489B4009EA38F /* PECropRectView.swift in Sources */ = {isa = PBXBuildFile; fileRef = 056513151EF489B4009EA38F /* PECropRectView.swift */; };
		056513271EF489B4009EA38F /* PECropViewController.swift in Sources */ = {isa = PBXBuildFile; fileRef = 056513161EF489B4009EA38F /* PECropViewController.swift */; };
		056513281EF489B4009EA38F /* UIImage+Crop.swift in Sources */ = {isa = PBXBuildFile; fileRef = 056513171EF489B4009EA38F /* UIImage+Crop.swift */; };
		056513291EF489B4009EA38F /* PEResizeControl.swift in Sources */ = {isa = PBXBuildFile; fileRef = 056513181EF489B4009EA38F /* PEResizeControl.swift */; };
		056513341EF489C0009EA38F /* PEStickersViewController.xib in Resources */ = {isa = PBXBuildFile; fileRef = 0565132A1EF489C0009EA38F /* PEStickersViewController.xib */; };
		056513351EF489C0009EA38F /* PEColorCollectionViewCell.xib in Resources */ = {isa = PBXBuildFile; fileRef = 0565132B1EF489C0009EA38F /* PEColorCollectionViewCell.xib */; };
		056513361EF489C0009EA38F /* PEEmojiCollectionViewCell.xib in Resources */ = {isa = PBXBuildFile; fileRef = 0565132C1EF489C0009EA38F /* PEEmojiCollectionViewCell.xib */; };
		056513371EF489C0009EA38F /* icomoon.ttf in Resources */ = {isa = PBXBuildFile; fileRef = 0565132D1EF489C0009EA38F /* icomoon.ttf */; };
		056513381EF489C0009EA38F /* LaunchScreen.storyboard in Resources */ = {isa = PBXBuildFile; fileRef = 0565132E1EF489C0009EA38F /* LaunchScreen.storyboard */; };
		0565133C1EF489C0009EA38F /* PEStickerCollectionViewCell.xib in Resources */ = {isa = PBXBuildFile; fileRef = 056513321EF489C0009EA38F /* PEStickerCollectionViewCell.xib */; };
		0565133D1EF489C0009EA38F /* PEPhotoEditorViewController.xib in Resources */ = {isa = PBXBuildFile; fileRef = 056513331EF489C0009EA38F /* PEPhotoEditorViewController.xib */; };
		056513461EF489CD009EA38F /* PhotoEditor+Gestures.swift in Sources */ = {isa = PBXBuildFile; fileRef = 0565133E1EF489CD009EA38F /* PhotoEditor+Gestures.swift */; };
		056513471EF489CD009EA38F /* PhotoEditor+Drawing.swift in Sources */ = {isa = PBXBuildFile; fileRef = 0565133F1EF489CD009EA38F /* PhotoEditor+Drawing.swift */; };
		056513481EF489CD009EA38F /* PhotoEditor+Keyboard.swift in Sources */ = {isa = PBXBuildFile; fileRef = 056513401EF489CD009EA38F /* PhotoEditor+Keyboard.swift */; };
		056513491EF489CD009EA38F /* PhotoEditor+StickersViewController.swift in Sources */ = {isa = PBXBuildFile; fileRef = 056513411EF489CD009EA38F /* PhotoEditor+StickersViewController.swift */; };
		0565134A1EF489CD009EA38F /* PhotoEditor+UITextView.swift in Sources */ = {isa = PBXBuildFile; fileRef = 056513421EF489CD009EA38F /* PhotoEditor+UITextView.swift */; };
		0565134B1EF489CD009EA38F /* PhotoEditor+Controls.swift in Sources */ = {isa = PBXBuildFile; fileRef = 056513431EF489CD009EA38F /* PhotoEditor+Controls.swift */; };
		0565134C1EF489CD009EA38F /* PhotoEditor+Crop.swift in Sources */ = {isa = PBXBuildFile; fileRef = 056513441EF489CD009EA38F /* PhotoEditor+Crop.swift */; };
		0565134D1EF489CD009EA38F /* PhotoEditor+Font.swift in Sources */ = {isa = PBXBuildFile; fileRef = 056513451EF489CD009EA38F /* PhotoEditor+Font.swift */; };
		059EA71D1EACB8790072C0FE /* AppDelegate.swift in Sources */ = {isa = PBXBuildFile; fileRef = 059EA71C1EACB8790072C0FE /* AppDelegate.swift */; };
		059EA7241EACB8790072C0FE /* Assets.xcassets in Resources */ = {isa = PBXBuildFile; fileRef = 059EA7231EACB8790072C0FE /* Assets.xcassets */; };
		059EA7271EACB8790072C0FE /* LaunchScreen.storyboard in Resources */ = {isa = PBXBuildFile; fileRef = 059EA7251EACB8790072C0FE /* LaunchScreen.storyboard */; };
		205342122215FC6A00103ADD /* PhotoEditor.h in Headers */ = {isa = PBXBuildFile; fileRef = 205342102215FC6A00103ADD /* PhotoEditor.h */; settings = {ATTRIBUTES = (Public, ); }; };
		205342152215FC6A00103ADD /* PhotoEditor.framework in Frameworks */ = {isa = PBXBuildFile; fileRef = 2053420E2215FC6A00103ADD /* PhotoEditor.framework */; };
		205342162215FC6A00103ADD /* PhotoEditor.framework in Embed Frameworks */ = {isa = PBXBuildFile; fileRef = 2053420E2215FC6A00103ADD /* PhotoEditor.framework */; settings = {ATTRIBUTES = (CodeSignOnCopy, RemoveHeadersOnCopy, ); }; };
		2053421B2215FC8500103ADD /* PEPhotoEditorViewController.swift in Sources */ = {isa = PBXBuildFile; fileRef = 056513081EF489B4009EA38F /* PEPhotoEditorViewController.swift */; };
		2053421C2215FC8500103ADD /* PEStickersViewController.swift in Sources */ = {isa = PBXBuildFile; fileRef = 056513091EF489B4009EA38F /* PEStickersViewController.swift */; };
		2053421D2215FC8500103ADD /* PEColorCollectionViewCell.swift in Sources */ = {isa = PBXBuildFile; fileRef = 0565130A1EF489B4009EA38F /* PEColorCollectionViewCell.swift */; };
		2053421E2215FC8500103ADD /* PEColorsCollectionViewDelegate.swift in Sources */ = {isa = PBXBuildFile; fileRef = 0565130B1EF489B4009EA38F /* PEColorsCollectionViewDelegate.swift */; };
		2053421F2215FC8500103ADD /* PEEmojiCollectionViewCell.swift in Sources */ = {isa = PBXBuildFile; fileRef = 0565130C1EF489B4009EA38F /* PEEmojiCollectionViewCell.swift */; };
		205342202215FC8500103ADD /* PEEmojisCollectionViewDelegate.swift in Sources */ = {isa = PBXBuildFile; fileRef = 0565130D1EF489B4009EA38F /* PEEmojisCollectionViewDelegate.swift */; };
		205342212215FC8500103ADD /* PEStickerCollectionViewCell.swift in Sources */ = {isa = PBXBuildFile; fileRef = 0565130E1EF489B4009EA38F /* PEStickerCollectionViewCell.swift */; };
		205342222215FC8500103ADD /* UIImage+Size.swift in Sources */ = {isa = PBXBuildFile; fileRef = 0565130F1EF489B4009EA38F /* UIImage+Size.swift */; };
		205342232215FC8500103ADD /* UIImageView+Alpha.swift in Sources */ = {isa = PBXBuildFile; fileRef = 056513101EF489B4009EA38F /* UIImageView+Alpha.swift */; };
		205342242215FC8500103ADD /* UIView+Image.swift in Sources */ = {isa = PBXBuildFile; fileRef = 056513111EF489B4009EA38F /* UIView+Image.swift */; };
		205342252215FC8500103ADD /* Protocols.swift in Sources */ = {isa = PBXBuildFile; fileRef = 056513121EF489B4009EA38F /* Protocols.swift */; };
		205342262215FC8500103ADD /* PEGradientView.swift in Sources */ = {isa = PBXBuildFile; fileRef = 056513131EF489B4009EA38F /* PEGradientView.swift */; };
		205342272215FC8500103ADD /* PECropView.swift in Sources */ = {isa = PBXBuildFile; fileRef = 056513141EF489B4009EA38F /* PECropView.swift */; };
		205342282215FC8500103ADD /* PECropRectView.swift in Sources */ = {isa = PBXBuildFile; fileRef = 056513151EF489B4009EA38F /* PECropRectView.swift */; };
		205342292215FC8500103ADD /* PECropViewController.swift in Sources */ = {isa = PBXBuildFile; fileRef = 056513161EF489B4009EA38F /* PECropViewController.swift */; };
		2053422A2215FC8500103ADD /* UIImage+Crop.swift in Sources */ = {isa = PBXBuildFile; fileRef = 056513171EF489B4009EA38F /* UIImage+Crop.swift */; };
		2053422B2215FC8500103ADD /* PEResizeControl.swift in Sources */ = {isa = PBXBuildFile; fileRef = 056513181EF489B4009EA38F /* PEResizeControl.swift */; };
		2053422D2215FC8500103ADD /* PhotoEditor+Gestures.swift in Sources */ = {isa = PBXBuildFile; fileRef = 0565133E1EF489CD009EA38F /* PhotoEditor+Gestures.swift */; };
		2053422E2215FC8500103ADD /* PhotoEditor+Drawing.swift in Sources */ = {isa = PBXBuildFile; fileRef = 0565133F1EF489CD009EA38F /* PhotoEditor+Drawing.swift */; };
		2053422F2215FC8500103ADD /* PhotoEditor+Keyboard.swift in Sources */ = {isa = PBXBuildFile; fileRef = 056513401EF489CD009EA38F /* PhotoEditor+Keyboard.swift */; };
		205342302215FC8500103ADD /* PhotoEditor+StickersViewController.swift in Sources */ = {isa = PBXBuildFile; fileRef = 056513411EF489CD009EA38F /* PhotoEditor+StickersViewController.swift */; };
		205342312215FC8500103ADD /* PhotoEditor+UITextView.swift in Sources */ = {isa = PBXBuildFile; fileRef = 056513421EF489CD009EA38F /* PhotoEditor+UITextView.swift */; };
		205342322215FC8500103ADD /* PhotoEditor+Controls.swift in Sources */ = {isa = PBXBuildFile; fileRef = 056513431EF489CD009EA38F /* PhotoEditor+Controls.swift */; };
		205342332215FC8500103ADD /* PhotoEditor+Crop.swift in Sources */ = {isa = PBXBuildFile; fileRef = 056513441EF489CD009EA38F /* PhotoEditor+Crop.swift */; };
		205342342215FC8500103ADD /* PhotoEditor+Font.swift in Sources */ = {isa = PBXBuildFile; fileRef = 056513451EF489CD009EA38F /* PhotoEditor+Font.swift */; };
		205342362215FCD400103ADD /* Assets.xcassets in Resources */ = {isa = PBXBuildFile; fileRef = 205342352215FCD400103ADD /* Assets.xcassets */; };
		205342372215FD4000103ADD /* PEStickersViewController.xib in Resources */ = {isa = PBXBuildFile; fileRef = 0565132A1EF489C0009EA38F /* PEStickersViewController.xib */; };
		205342382215FD4000103ADD /* PEColorCollectionViewCell.xib in Resources */ = {isa = PBXBuildFile; fileRef = 0565132B1EF489C0009EA38F /* PEColorCollectionViewCell.xib */; };
		205342392215FD4000103ADD /* PEEmojiCollectionViewCell.xib in Resources */ = {isa = PBXBuildFile; fileRef = 0565132C1EF489C0009EA38F /* PEEmojiCollectionViewCell.xib */; };
		2053423A2215FD4000103ADD /* PEStickerCollectionViewCell.xib in Resources */ = {isa = PBXBuildFile; fileRef = 056513321EF489C0009EA38F /* PEStickerCollectionViewCell.xib */; };
		2053423B2215FD4000103ADD /* PEPhotoEditorViewController.xib in Resources */ = {isa = PBXBuildFile; fileRef = 056513331EF489C0009EA38F /* PEPhotoEditorViewController.xib */; };
		205342522216031C00103ADD /* icomoon.ttf in Resources */ = {isa = PBXBuildFile; fileRef = 0565132D1EF489C0009EA38F /* icomoon.ttf */; };
/* End PBXBuildFile section */

/* Begin PBXContainerItemProxy section */
		205342132215FC6A00103ADD /* PBXContainerItemProxy */ = {
			isa = PBXContainerItemProxy;
			containerPortal = 059EA7111EACB8780072C0FE /* Project object */;
			proxyType = 1;
			remoteGlobalIDString = 2053420D2215FC6A00103ADD;
			remoteInfo = PhotoEditor;
		};
/* End PBXContainerItemProxy section */

/* Begin PBXCopyFilesBuildPhase section */
		2053421A2215FC6A00103ADD /* Embed Frameworks */ = {
			isa = PBXCopyFilesBuildPhase;
			buildActionMask = 2147483647;
			dstPath = "";
			dstSubfolderSpec = 10;
			files = (
				205342162215FC6A00103ADD /* PhotoEditor.framework in Embed Frameworks */,
			);
			name = "Embed Frameworks";
			runOnlyForDeploymentPostprocessing = 0;
		};
/* End PBXCopyFilesBuildPhase section */

/* Begin PBXFileReference section */
		056513081EF489B4009EA38F /* PEPhotoEditorViewController.swift */ = {isa = PBXFileReference; fileEncoding = 4; lastKnownFileType = sourcecode.swift; path = PEPhotoEditorViewController.swift; sourceTree = "<group>"; };
		056513091EF489B4009EA38F /* PEStickersViewController.swift */ = {isa = PBXFileReference; fileEncoding = 4; lastKnownFileType = sourcecode.swift; path = PEStickersViewController.swift; sourceTree = "<group>"; };
		0565130A1EF489B4009EA38F /* PEColorCollectionViewCell.swift */ = {isa = PBXFileReference; fileEncoding = 4; lastKnownFileType = sourcecode.swift; path = PEColorCollectionViewCell.swift; sourceTree = "<group>"; };
		0565130B1EF489B4009EA38F /* PEColorsCollectionViewDelegate.swift */ = {isa = PBXFileReference; fileEncoding = 4; lastKnownFileType = sourcecode.swift; path = PEColorsCollectionViewDelegate.swift; sourceTree = "<group>"; };
		0565130C1EF489B4009EA38F /* PEEmojiCollectionViewCell.swift */ = {isa = PBXFileReference; fileEncoding = 4; lastKnownFileType = sourcecode.swift; path = PEEmojiCollectionViewCell.swift; sourceTree = "<group>"; };
		0565130D1EF489B4009EA38F /* PEEmojisCollectionViewDelegate.swift */ = {isa = PBXFileReference; fileEncoding = 4; lastKnownFileType = sourcecode.swift; path = PEEmojisCollectionViewDelegate.swift; sourceTree = "<group>"; };
		0565130E1EF489B4009EA38F /* PEStickerCollectionViewCell.swift */ = {isa = PBXFileReference; fileEncoding = 4; lastKnownFileType = sourcecode.swift; path = PEStickerCollectionViewCell.swift; sourceTree = "<group>"; };
		0565130F1EF489B4009EA38F /* UIImage+Size.swift */ = {isa = PBXFileReference; fileEncoding = 4; lastKnownFileType = sourcecode.swift; path = "UIImage+Size.swift"; sourceTree = "<group>"; };
		056513101EF489B4009EA38F /* UIImageView+Alpha.swift */ = {isa = PBXFileReference; fileEncoding = 4; lastKnownFileType = sourcecode.swift; path = "UIImageView+Alpha.swift"; sourceTree = "<group>"; };
		056513111EF489B4009EA38F /* UIView+Image.swift */ = {isa = PBXFileReference; fileEncoding = 4; lastKnownFileType = sourcecode.swift; path = "UIView+Image.swift"; sourceTree = "<group>"; };
		056513121EF489B4009EA38F /* Protocols.swift */ = {isa = PBXFileReference; fileEncoding = 4; lastKnownFileType = sourcecode.swift; path = Protocols.swift; sourceTree = "<group>"; };
		056513131EF489B4009EA38F /* PEGradientView.swift */ = {isa = PBXFileReference; fileEncoding = 4; lastKnownFileType = sourcecode.swift; path = PEGradientView.swift; sourceTree = "<group>"; };
		056513141EF489B4009EA38F /* PECropView.swift */ = {isa = PBXFileReference; fileEncoding = 4; lastKnownFileType = sourcecode.swift; path = PECropView.swift; sourceTree = "<group>"; };
		056513151EF489B4009EA38F /* PECropRectView.swift */ = {isa = PBXFileReference; fileEncoding = 4; lastKnownFileType = sourcecode.swift; path = PECropRectView.swift; sourceTree = "<group>"; };
		056513161EF489B4009EA38F /* PECropViewController.swift */ = {isa = PBXFileReference; fileEncoding = 4; lastKnownFileType = sourcecode.swift; path = PECropViewController.swift; sourceTree = "<group>"; };
		056513171EF489B4009EA38F /* UIImage+Crop.swift */ = {isa = PBXFileReference; fileEncoding = 4; lastKnownFileType = sourcecode.swift; path = "UIImage+Crop.swift"; sourceTree = "<group>"; };
		056513181EF489B4009EA38F /* PEResizeControl.swift */ = {isa = PBXFileReference; fileEncoding = 4; lastKnownFileType = sourcecode.swift; path = PEResizeControl.swift; sourceTree = "<group>"; };
		0565132A1EF489C0009EA38F /* PEStickersViewController.xib */ = {isa = PBXFileReference; fileEncoding = 4; lastKnownFileType = file.xib; path = PEStickersViewController.xib; sourceTree = "<group>"; };
		0565132B1EF489C0009EA38F /* PEColorCollectionViewCell.xib */ = {isa = PBXFileReference; fileEncoding = 4; lastKnownFileType = file.xib; path = PEColorCollectionViewCell.xib; sourceTree = "<group>"; };
		0565132C1EF489C0009EA38F /* PEEmojiCollectionViewCell.xib */ = {isa = PBXFileReference; fileEncoding = 4; lastKnownFileType = file.xib; path = PEEmojiCollectionViewCell.xib; sourceTree = "<group>"; };
		0565132D1EF489C0009EA38F /* icomoon.ttf */ = {isa = PBXFileReference; lastKnownFileType = file; path = icomoon.ttf; sourceTree = "<group>"; };
		0565132E1EF489C0009EA38F /* LaunchScreen.storyboard */ = {isa = PBXFileReference; fileEncoding = 4; lastKnownFileType = file.storyboard; path = LaunchScreen.storyboard; sourceTree = "<group>"; };
		056513321EF489C0009EA38F /* PEStickerCollectionViewCell.xib */ = {isa = PBXFileReference; fileEncoding = 4; lastKnownFileType = file.xib; path = PEStickerCollectionViewCell.xib; sourceTree = "<group>"; };
		056513331EF489C0009EA38F /* PEPhotoEditorViewController.xib */ = {isa = PBXFileReference; fileEncoding = 4; lastKnownFileType = file.xib; path = PEPhotoEditorViewController.xib; sourceTree = "<group>"; };
		0565133E1EF489CD009EA38F /* PhotoEditor+Gestures.swift */ = {isa = PBXFileReference; fileEncoding = 4; lastKnownFileType = sourcecode.swift; path = "PhotoEditor+Gestures.swift"; sourceTree = "<group>"; };
		0565133F1EF489CD009EA38F /* PhotoEditor+Drawing.swift */ = {isa = PBXFileReference; fileEncoding = 4; lastKnownFileType = sourcecode.swift; path = "PhotoEditor+Drawing.swift"; sourceTree = "<group>"; };
		056513401EF489CD009EA38F /* PhotoEditor+Keyboard.swift */ = {isa = PBXFileReference; fileEncoding = 4; lastKnownFileType = sourcecode.swift; path = "PhotoEditor+Keyboard.swift"; sourceTree = "<group>"; };
		056513411EF489CD009EA38F /* PhotoEditor+StickersViewController.swift */ = {isa = PBXFileReference; fileEncoding = 4; lastKnownFileType = sourcecode.swift; path = "PhotoEditor+StickersViewController.swift"; sourceTree = "<group>"; };
		056513421EF489CD009EA38F /* PhotoEditor+UITextView.swift */ = {isa = PBXFileReference; fileEncoding = 4; lastKnownFileType = sourcecode.swift; path = "PhotoEditor+UITextView.swift"; sourceTree = "<group>"; };
		056513431EF489CD009EA38F /* PhotoEditor+Controls.swift */ = {isa = PBXFileReference; fileEncoding = 4; lastKnownFileType = sourcecode.swift; path = "PhotoEditor+Controls.swift"; sourceTree = "<group>"; };
		056513441EF489CD009EA38F /* PhotoEditor+Crop.swift */ = {isa = PBXFileReference; fileEncoding = 4; lastKnownFileType = sourcecode.swift; path = "PhotoEditor+Crop.swift"; sourceTree = "<group>"; };
		056513451EF489CD009EA38F /* PhotoEditor+Font.swift */ = {isa = PBXFileReference; fileEncoding = 4; lastKnownFileType = sourcecode.swift; path = "PhotoEditor+Font.swift"; sourceTree = "<group>"; };
		059EA7191EACB8790072C0FE /* Photo Editor.app */ = {isa = PBXFileReference; explicitFileType = wrapper.application; includeInIndex = 0; path = "Photo Editor.app"; sourceTree = BUILT_PRODUCTS_DIR; };
		059EA71C1EACB8790072C0FE /* AppDelegate.swift */ = {isa = PBXFileReference; lastKnownFileType = sourcecode.swift; path = AppDelegate.swift; sourceTree = "<group>"; };
		059EA7231EACB8790072C0FE /* Assets.xcassets */ = {isa = PBXFileReference; lastKnownFileType = folder.assetcatalog; path = Assets.xcassets; sourceTree = "<group>"; };
		059EA7261EACB8790072C0FE /* Base */ = {isa = PBXFileReference; lastKnownFileType = file.storyboard; name = Base; path = Base.lproj/LaunchScreen.storyboard; sourceTree = "<group>"; };
		059EA7281EACB8790072C0FE /* Info.plist */ = {isa = PBXFileReference; lastKnownFileType = text.plist.xml; path = Info.plist; sourceTree = "<group>"; };
		2053420E2215FC6A00103ADD /* PhotoEditor.framework */ = {isa = PBXFileReference; explicitFileType = wrapper.framework; includeInIndex = 0; path = PhotoEditor.framework; sourceTree = BUILT_PRODUCTS_DIR; };
		205342102215FC6A00103ADD /* PhotoEditor.h */ = {isa = PBXFileReference; lastKnownFileType = sourcecode.c.h; path = PhotoEditor.h; sourceTree = "<group>"; };
		205342112215FC6A00103ADD /* Info.plist */ = {isa = PBXFileReference; lastKnownFileType = text.plist.xml; path = Info.plist; sourceTree = "<group>"; };
		205342352215FCD400103ADD /* Assets.xcassets */ = {isa = PBXFileReference; lastKnownFileType = folder.assetcatalog; path = Assets.xcassets; sourceTree = "<group>"; };
/* End PBXFileReference section */

/* Begin PBXFrameworksBuildPhase section */
		059EA7161EACB8790072C0FE /* Frameworks */ = {
			isa = PBXFrameworksBuildPhase;
			buildActionMask = 2147483647;
			files = (
				205342152215FC6A00103ADD /* PhotoEditor.framework in Frameworks */,
			);
			runOnlyForDeploymentPostprocessing = 0;
		};
		2053420B2215FC6A00103ADD /* Frameworks */ = {
			isa = PBXFrameworksBuildPhase;
			buildActionMask = 2147483647;
			files = (
			);
			runOnlyForDeploymentPostprocessing = 0;
		};
/* End PBXFrameworksBuildPhase section */

/* Begin PBXGroup section */
		059EA7101EACB8780072C0FE = {
			isa = PBXGroup;
			children = (
				059EA71B1EACB8790072C0FE /* Photo Editor */,
				2053420F2215FC6A00103ADD /* PhotoEditor */,
				059EA71A1EACB8790072C0FE /* Products */,
			);
			sourceTree = "<group>";
		};
		059EA71A1EACB8790072C0FE /* Products */ = {
			isa = PBXGroup;
			children = (
				059EA7191EACB8790072C0FE /* Photo Editor.app */,
				2053420E2215FC6A00103ADD /* PhotoEditor.framework */,
			);
			name = Products;
			sourceTree = "<group>";
		};
		059EA71B1EACB8790072C0FE /* Photo Editor */ = {
			isa = PBXGroup;
			children = (
				20B9AF142219A30A0024DA28 /* AppDelegate */,
				056513081EF489B4009EA38F /* PEPhotoEditorViewController.swift */,
				056513091EF489B4009EA38F /* PEStickersViewController.swift */,
				0565130A1EF489B4009EA38F /* PEColorCollectionViewCell.swift */,
				0565130B1EF489B4009EA38F /* PEColorsCollectionViewDelegate.swift */,
				0565130C1EF489B4009EA38F /* PEEmojiCollectionViewCell.swift */,
				0565130D1EF489B4009EA38F /* PEEmojisCollectionViewDelegate.swift */,
				0565130E1EF489B4009EA38F /* PEStickerCollectionViewCell.swift */,
				056513121EF489B4009EA38F /* Protocols.swift */,
				056513131EF489B4009EA38F /* PEGradientView.swift */,
				056513141EF489B4009EA38F /* PECropView.swift */,
				056513151EF489B4009EA38F /* PECropRectView.swift */,
				056513161EF489B4009EA38F /* PECropViewController.swift */,
				056513181EF489B4009EA38F /* PEResizeControl.swift */,
				0565133E1EF489CD009EA38F /* PhotoEditor+Gestures.swift */,
				0565133F1EF489CD009EA38F /* PhotoEditor+Drawing.swift */,
				056513401EF489CD009EA38F /* PhotoEditor+Keyboard.swift */,
				056513411EF489CD009EA38F /* PhotoEditor+StickersViewController.swift */,
				056513421EF489CD009EA38F /* PhotoEditor+UITextView.swift */,
				056513431EF489CD009EA38F /* PhotoEditor+Controls.swift */,
				056513441EF489CD009EA38F /* PhotoEditor+Crop.swift */,
				056513451EF489CD009EA38F /* PhotoEditor+Font.swift */,
				0565132A1EF489C0009EA38F /* PEStickersViewController.xib */,
				0565132B1EF489C0009EA38F /* PEColorCollectionViewCell.xib */,
				0565132C1EF489C0009EA38F /* PEEmojiCollectionViewCell.xib */,
				0565132D1EF489C0009EA38F /* icomoon.ttf */,
				0565132E1EF489C0009EA38F /* LaunchScreen.storyboard */,
				056513321EF489C0009EA38F /* PEStickerCollectionViewCell.xib */,
				056513331EF489C0009EA38F /* PEPhotoEditorViewController.xib */,
				0565130F1EF489B4009EA38F /* UIImage+Size.swift */,
				056513171EF489B4009EA38F /* UIImage+Crop.swift */,
				056513101EF489B4009EA38F /* UIImageView+Alpha.swift */,
				056513111EF489B4009EA38F /* UIView+Image.swift */,
				059EA7231EACB8790072C0FE /* Assets.xcassets */,
				059EA7251EACB8790072C0FE /* LaunchScreen.storyboard */,
				059EA7281EACB8790072C0FE /* Info.plist */,
			);
			path = "Photo Editor";
			sourceTree = "<group>";
		};
		2053420F2215FC6A00103ADD /* PhotoEditor */ = {
			isa = PBXGroup;
			children = (
				205342102215FC6A00103ADD /* PhotoEditor.h */,
				205342112215FC6A00103ADD /* Info.plist */,
				205342352215FCD400103ADD /* Assets.xcassets */,
			);
			path = PhotoEditor;
			sourceTree = "<group>";
		};
		20B9AF142219A30A0024DA28 /* AppDelegate */ = {
			isa = PBXGroup;
			children = (
				059EA71C1EACB8790072C0FE /* AppDelegate.swift */,
			);
			path = AppDelegate;
			sourceTree = "<group>";
		};
/* End PBXGroup section */

/* Begin PBXHeadersBuildPhase section */
		205342092215FC6A00103ADD /* Headers */ = {
			isa = PBXHeadersBuildPhase;
			buildActionMask = 2147483647;
			files = (
				205342122215FC6A00103ADD /* PhotoEditor.h in Headers */,
			);
			runOnlyForDeploymentPostprocessing = 0;
		};
/* End PBXHeadersBuildPhase section */

/* Begin PBXNativeTarget section */
		059EA7181EACB8790072C0FE /* Photo Editor */ = {
			isa = PBXNativeTarget;
			buildConfigurationList = 059EA72B1EACB8790072C0FE /* Build configuration list for PBXNativeTarget "Photo Editor" */;
			buildPhases = (
				059EA7151EACB8790072C0FE /* Sources */,
				059EA7161EACB8790072C0FE /* Frameworks */,
				059EA7171EACB8790072C0FE /* Resources */,
				2053421A2215FC6A00103ADD /* Embed Frameworks */,
			);
			buildRules = (
			);
			dependencies = (
				205342142215FC6A00103ADD /* PBXTargetDependency */,
			);
			name = "Photo Editor";
			productName = "Photo Editor";
			productReference = 059EA7191EACB8790072C0FE /* Photo Editor.app */;
			productType = "com.apple.product-type.application";
		};
		2053420D2215FC6A00103ADD /* PhotoEditor */ = {
			isa = PBXNativeTarget;
			buildConfigurationList = 205342192215FC6A00103ADD /* Build configuration list for PBXNativeTarget "PhotoEditor" */;
			buildPhases = (
				205342092215FC6A00103ADD /* Headers */,
				2053420A2215FC6A00103ADD /* Sources */,
				2053420B2215FC6A00103ADD /* Frameworks */,
				2053420C2215FC6A00103ADD /* Resources */,
			);
			buildRules = (
			);
			dependencies = (
			);
			name = PhotoEditor;
			productName = PhotoEditor;
			productReference = 2053420E2215FC6A00103ADD /* PhotoEditor.framework */;
			productType = "com.apple.product-type.framework";
		};
/* End PBXNativeTarget section */

/* Begin PBXProject section */
		059EA7111EACB8780072C0FE /* Project object */ = {
			isa = PBXProject;
			attributes = {
				CLASSPREFIX = PE;
				LastSwiftUpdateCheck = 0830;
				LastUpgradeCheck = 1010;
				ORGANIZATIONNAME = "Mohamed Hamed";
				TargetAttributes = {
					059EA7181EACB8790072C0FE = {
						CreatedOnToolsVersion = 8.3;
						DevelopmentTeam = 9389TWFQML;
						LastSwiftMigration = 1010;
						ProvisioningStyle = Automatic;
					};
					2053420D2215FC6A00103ADD = {
						CreatedOnToolsVersion = 10.1;
						DevelopmentTeam = 9389TWFQML;
						ProvisioningStyle = Automatic;
					};
				};
			};
			buildConfigurationList = 059EA7141EACB8780072C0FE /* Build configuration list for PBXProject "Photo Editor" */;
			compatibilityVersion = "Xcode 3.2";
			developmentRegion = English;
			hasScannedForEncodings = 0;
			knownRegions = (
				en,
				Base,
			);
			mainGroup = 059EA7101EACB8780072C0FE;
			productRefGroup = 059EA71A1EACB8790072C0FE /* Products */;
			projectDirPath = "";
			projectRoot = "";
			targets = (
				059EA7181EACB8790072C0FE /* Photo Editor */,
				2053420D2215FC6A00103ADD /* PhotoEditor */,
			);
		};
/* End PBXProject section */

/* Begin PBXResourcesBuildPhase section */
		059EA7171EACB8790072C0FE /* Resources */ = {
			isa = PBXResourcesBuildPhase;
			buildActionMask = 2147483647;
			files = (
				059EA7271EACB8790072C0FE /* LaunchScreen.storyboard in Resources */,
				0565133D1EF489C0009EA38F /* PEPhotoEditorViewController.xib in Resources */,
				059EA7241EACB8790072C0FE /* Assets.xcassets in Resources */,
				056513351EF489C0009EA38F /* PEColorCollectionViewCell.xib in Resources */,
				0565133C1EF489C0009EA38F /* PEStickerCollectionViewCell.xib in Resources */,
				056513371EF489C0009EA38F /* icomoon.ttf in Resources */,
				056513381EF489C0009EA38F /* LaunchScreen.storyboard in Resources */,
				056513341EF489C0009EA38F /* PEStickersViewController.xib in Resources */,
				056513361EF489C0009EA38F /* PEEmojiCollectionViewCell.xib in Resources */,
			);
			runOnlyForDeploymentPostprocessing = 0;
		};
		2053420C2215FC6A00103ADD /* Resources */ = {
			isa = PBXResourcesBuildPhase;
			buildActionMask = 2147483647;
			files = (
				205342372215FD4000103ADD /* PEStickersViewController.xib in Resources */,
				205342522216031C00103ADD /* icomoon.ttf in Resources */,
				2053423A2215FD4000103ADD /* PEStickerCollectionViewCell.xib in Resources */,
				2053423B2215FD4000103ADD /* PEPhotoEditorViewController.xib in Resources */,
				205342382215FD4000103ADD /* PEColorCollectionViewCell.xib in Resources */,
				205342362215FCD400103ADD /* Assets.xcassets in Resources */,
				205342392215FD4000103ADD /* PEEmojiCollectionViewCell.xib in Resources */,
			);
			runOnlyForDeploymentPostprocessing = 0;
		};
/* End PBXResourcesBuildPhase section */

/* Begin PBXSourcesBuildPhase section */
		059EA7151EACB8790072C0FE /* Sources */ = {
			isa = PBXSourcesBuildPhase;
			buildActionMask = 2147483647;
			files = (
				056513281EF489B4009EA38F /* UIImage+Crop.swift in Sources */,
				056513221EF489B4009EA38F /* UIView+Image.swift in Sources */,
				056513461EF489CD009EA38F /* PhotoEditor+Gestures.swift in Sources */,
				056513201EF489B4009EA38F /* UIImage+Size.swift in Sources */,
				056513471EF489CD009EA38F /* PhotoEditor+Drawing.swift in Sources */,
				056513191EF489B4009EA38F /* PEPhotoEditorViewController.swift in Sources */,
				056513261EF489B4009EA38F /* PECropRectView.swift in Sources */,
				056513231EF489B4009EA38F /* Protocols.swift in Sources */,
				0565134C1EF489CD009EA38F /* PhotoEditor+Crop.swift in Sources */,
				056513491EF489CD009EA38F /* PhotoEditor+StickersViewController.swift in Sources */,
				0565131D1EF489B4009EA38F /* PEEmojiCollectionViewCell.swift in Sources */,
				056513271EF489B4009EA38F /* PECropViewController.swift in Sources */,
				0565134D1EF489CD009EA38F /* PhotoEditor+Font.swift in Sources */,
				0565131C1EF489B4009EA38F /* PEColorsCollectionViewDelegate.swift in Sources */,
				0565131E1EF489B4009EA38F /* PEEmojisCollectionViewDelegate.swift in Sources */,
				0565131A1EF489B4009EA38F /* PEStickersViewController.swift in Sources */,
				056513481EF489CD009EA38F /* PhotoEditor+Keyboard.swift in Sources */,
				0565131B1EF489B4009EA38F /* PEColorCollectionViewCell.swift in Sources */,
				0565131F1EF489B4009EA38F /* PEStickerCollectionViewCell.swift in Sources */,
				056513251EF489B4009EA38F /* PECropView.swift in Sources */,
				0565134A1EF489CD009EA38F /* PhotoEditor+UITextView.swift in Sources */,
				056513241EF489B4009EA38F /* PEGradientView.swift in Sources */,
				059EA71D1EACB8790072C0FE /* AppDelegate.swift in Sources */,
				0565134B1EF489CD009EA38F /* PhotoEditor+Controls.swift in Sources */,
				056513211EF489B4009EA38F /* UIImageView+Alpha.swift in Sources */,
				056513291EF489B4009EA38F /* PEResizeControl.swift in Sources */,
			);
			runOnlyForDeploymentPostprocessing = 0;
		};
		2053420A2215FC6A00103ADD /* Sources */ = {
			isa = PBXSourcesBuildPhase;
			buildActionMask = 2147483647;
			files = (
				205342232215FC8500103ADD /* UIImageView+Alpha.swift in Sources */,
				2053421D2215FC8500103ADD /* PEColorCollectionViewCell.swift in Sources */,
				2053422D2215FC8500103ADD /* PhotoEditor+Gestures.swift in Sources */,
				205342262215FC8500103ADD /* PEGradientView.swift in Sources */,
				2053422E2215FC8500103ADD /* PhotoEditor+Drawing.swift in Sources */,
				2053422B2215FC8500103ADD /* PEResizeControl.swift in Sources */,
				2053421E2215FC8500103ADD /* PEColorsCollectionViewDelegate.swift in Sources */,
				205342252215FC8500103ADD /* Protocols.swift in Sources */,
				205342332215FC8500103ADD /* PhotoEditor+Crop.swift in Sources */,
				205342302215FC8500103ADD /* PhotoEditor+StickersViewController.swift in Sources */,
				205342212215FC8500103ADD /* PEStickerCollectionViewCell.swift in Sources */,
				205342282215FC8500103ADD /* PECropRectView.swift in Sources */,
				205342342215FC8500103ADD /* PhotoEditor+Font.swift in Sources */,
				205342202215FC8500103ADD /* PEEmojisCollectionViewDelegate.swift in Sources */,
				205342222215FC8500103ADD /* UIImage+Size.swift in Sources */,
				205342242215FC8500103ADD /* UIView+Image.swift in Sources */,
				2053422F2215FC8500103ADD /* PhotoEditor+Keyboard.swift in Sources */,
				2053421F2215FC8500103ADD /* PEEmojiCollectionViewCell.swift in Sources */,
				205342292215FC8500103ADD /* PECropViewController.swift in Sources */,
				205342312215FC8500103ADD /* PhotoEditor+UITextView.swift in Sources */,
				2053421C2215FC8500103ADD /* PEStickersViewController.swift in Sources */,
				2053422A2215FC8500103ADD /* UIImage+Crop.swift in Sources */,
				205342322215FC8500103ADD /* PhotoEditor+Controls.swift in Sources */,
				205342272215FC8500103ADD /* PECropView.swift in Sources */,
				2053421B2215FC8500103ADD /* PEPhotoEditorViewController.swift in Sources */,
			);
			runOnlyForDeploymentPostprocessing = 0;
		};
/* End PBXSourcesBuildPhase section */

/* Begin PBXTargetDependency section */
		205342142215FC6A00103ADD /* PBXTargetDependency */ = {
			isa = PBXTargetDependency;
			target = 2053420D2215FC6A00103ADD /* PhotoEditor */;
			targetProxy = 205342132215FC6A00103ADD /* PBXContainerItemProxy */;
		};
/* End PBXTargetDependency section */

/* Begin PBXVariantGroup section */
		059EA7251EACB8790072C0FE /* LaunchScreen.storyboard */ = {
			isa = PBXVariantGroup;
			children = (
				059EA7261EACB8790072C0FE /* Base */,
			);
			name = LaunchScreen.storyboard;
			sourceTree = "<group>";
		};
/* End PBXVariantGroup section */

/* Begin XCBuildConfiguration section */
		059EA7291EACB8790072C0FE /* Debug */ = {
			isa = XCBuildConfiguration;
			buildSettings = {
				ALWAYS_SEARCH_USER_PATHS = NO;
				CLANG_ANALYZER_NONNULL = YES;
				CLANG_ANALYZER_NUMBER_OBJECT_CONVERSION = YES_AGGRESSIVE;
				CLANG_CXX_LANGUAGE_STANDARD = "gnu++0x";
				CLANG_CXX_LIBRARY = "libc++";
				CLANG_ENABLE_MODULES = YES;
				CLANG_ENABLE_OBJC_ARC = YES;
				CLANG_WARN_BLOCK_CAPTURE_AUTORELEASING = YES;
				CLANG_WARN_BOOL_CONVERSION = YES;
				CLANG_WARN_COMMA = YES;
				CLANG_WARN_CONSTANT_CONVERSION = YES;
				CLANG_WARN_DEPRECATED_OBJC_IMPLEMENTATIONS = YES;
				CLANG_WARN_DIRECT_OBJC_ISA_USAGE = YES_ERROR;
				CLANG_WARN_DOCUMENTATION_COMMENTS = YES;
				CLANG_WARN_EMPTY_BODY = YES;
				CLANG_WARN_ENUM_CONVERSION = YES;
				CLANG_WARN_INFINITE_RECURSION = YES;
				CLANG_WARN_INT_CONVERSION = YES;
				CLANG_WARN_NON_LITERAL_NULL_CONVERSION = YES;
				CLANG_WARN_OBJC_IMPLICIT_RETAIN_SELF = YES;
				CLANG_WARN_OBJC_LITERAL_CONVERSION = YES;
				CLANG_WARN_OBJC_ROOT_CLASS = YES_ERROR;
				CLANG_WARN_RANGE_LOOP_ANALYSIS = YES;
				CLANG_WARN_STRICT_PROTOTYPES = YES;
				CLANG_WARN_SUSPICIOUS_MOVE = YES;
				CLANG_WARN_UNREACHABLE_CODE = YES;
				CLANG_WARN__DUPLICATE_METHOD_MATCH = YES;
				"CODE_SIGN_IDENTITY[sdk=iphoneos*]" = "iPhone Developer";
				COPY_PHASE_STRIP = NO;
				DEBUG_INFORMATION_FORMAT = dwarf;
				ENABLE_STRICT_OBJC_MSGSEND = YES;
				ENABLE_TESTABILITY = YES;
				GCC_C_LANGUAGE_STANDARD = gnu99;
				GCC_DYNAMIC_NO_PIC = NO;
				GCC_NO_COMMON_BLOCKS = YES;
				GCC_OPTIMIZATION_LEVEL = 0;
				GCC_PREPROCESSOR_DEFINITIONS = (
					"DEBUG=1",
					"$(inherited)",
				);
				GCC_WARN_64_TO_32_BIT_CONVERSION = YES;
				GCC_WARN_ABOUT_RETURN_TYPE = YES_ERROR;
				GCC_WARN_UNDECLARED_SELECTOR = YES;
				GCC_WARN_UNINITIALIZED_AUTOS = YES_AGGRESSIVE;
				GCC_WARN_UNUSED_FUNCTION = YES;
				GCC_WARN_UNUSED_VARIABLE = YES;
				IPHONEOS_DEPLOYMENT_TARGET = 10.3;
				MTL_ENABLE_DEBUG_INFO = YES;
				ONLY_ACTIVE_ARCH = YES;
				SDKROOT = iphoneos;
				SWIFT_ACTIVE_COMPILATION_CONDITIONS = DEBUG;
				SWIFT_OPTIMIZATION_LEVEL = "-Onone";
			};
			name = Debug;
		};
		059EA72A1EACB8790072C0FE /* Release */ = {
			isa = XCBuildConfiguration;
			buildSettings = {
				ALWAYS_SEARCH_USER_PATHS = NO;
				CLANG_ANALYZER_NONNULL = YES;
				CLANG_ANALYZER_NUMBER_OBJECT_CONVERSION = YES_AGGRESSIVE;
				CLANG_CXX_LANGUAGE_STANDARD = "gnu++0x";
				CLANG_CXX_LIBRARY = "libc++";
				CLANG_ENABLE_MODULES = YES;
				CLANG_ENABLE_OBJC_ARC = YES;
				CLANG_WARN_BLOCK_CAPTURE_AUTORELEASING = YES;
				CLANG_WARN_BOOL_CONVERSION = YES;
				CLANG_WARN_COMMA = YES;
				CLANG_WARN_CONSTANT_CONVERSION = YES;
				CLANG_WARN_DEPRECATED_OBJC_IMPLEMENTATIONS = YES;
				CLANG_WARN_DIRECT_OBJC_ISA_USAGE = YES_ERROR;
				CLANG_WARN_DOCUMENTATION_COMMENTS = YES;
				CLANG_WARN_EMPTY_BODY = YES;
				CLANG_WARN_ENUM_CONVERSION = YES;
				CLANG_WARN_INFINITE_RECURSION = YES;
				CLANG_WARN_INT_CONVERSION = YES;
				CLANG_WARN_NON_LITERAL_NULL_CONVERSION = YES;
				CLANG_WARN_OBJC_IMPLICIT_RETAIN_SELF = YES;
				CLANG_WARN_OBJC_LITERAL_CONVERSION = YES;
				CLANG_WARN_OBJC_ROOT_CLASS = YES_ERROR;
				CLANG_WARN_RANGE_LOOP_ANALYSIS = YES;
				CLANG_WARN_STRICT_PROTOTYPES = YES;
				CLANG_WARN_SUSPICIOUS_MOVE = YES;
				CLANG_WARN_UNREACHABLE_CODE = YES;
				CLANG_WARN__DUPLICATE_METHOD_MATCH = YES;
				"CODE_SIGN_IDENTITY[sdk=iphoneos*]" = "iPhone Developer";
				COPY_PHASE_STRIP = NO;
				DEBUG_INFORMATION_FORMAT = "dwarf-with-dsym";
				ENABLE_NS_ASSERTIONS = NO;
				ENABLE_STRICT_OBJC_MSGSEND = YES;
				GCC_C_LANGUAGE_STANDARD = gnu99;
				GCC_NO_COMMON_BLOCKS = YES;
				GCC_WARN_64_TO_32_BIT_CONVERSION = YES;
				GCC_WARN_ABOUT_RETURN_TYPE = YES_ERROR;
				GCC_WARN_UNDECLARED_SELECTOR = YES;
				GCC_WARN_UNINITIALIZED_AUTOS = YES_AGGRESSIVE;
				GCC_WARN_UNUSED_FUNCTION = YES;
				GCC_WARN_UNUSED_VARIABLE = YES;
				IPHONEOS_DEPLOYMENT_TARGET = 10.3;
				MTL_ENABLE_DEBUG_INFO = NO;
				SDKROOT = iphoneos;
				SWIFT_OPTIMIZATION_LEVEL = "-Owholemodule";
				VALIDATE_PRODUCT = YES;
			};
			name = Release;
		};
		059EA72C1EACB8790072C0FE /* Debug */ = {
			isa = XCBuildConfiguration;
			buildSettings = {
				ALWAYS_EMBED_SWIFT_STANDARD_LIBRARIES = YES;
				ASSETCATALOG_COMPILER_APPICON_NAME = AppIcon;
				CODE_SIGN_IDENTITY = "iPhone Developer";
				DEVELOPMENT_TEAM = 9389TWFQML;
				INFOPLIST_FILE = "Photo Editor/Info.plist";
				IPHONEOS_DEPLOYMENT_TARGET = 10.0;
				LD_RUNPATH_SEARCH_PATHS = "$(inherited) @executable_path/Frameworks";
				PRODUCT_BUNDLE_IDENTIFIER = "com.hamed.Photo-Editor";
				PRODUCT_NAME = "$(TARGET_NAME)";
				SWIFT_SWIFT3_OBJC_INFERENCE = Default;
				SWIFT_VERSION = 4.2;
			};
			name = Debug;
		};
		059EA72D1EACB8790072C0FE /* Release */ = {
			isa = XCBuildConfiguration;
			buildSettings = {
				ALWAYS_EMBED_SWIFT_STANDARD_LIBRARIES = YES;
				ASSETCATALOG_COMPILER_APPICON_NAME = AppIcon;
				CODE_SIGN_IDENTITY = "iPhone Developer";
				DEVELOPMENT_TEAM = 9389TWFQML;
				INFOPLIST_FILE = "Photo Editor/Info.plist";
				IPHONEOS_DEPLOYMENT_TARGET = 10.0;
				LD_RUNPATH_SEARCH_PATHS = "$(inherited) @executable_path/Frameworks";
				PRODUCT_BUNDLE_IDENTIFIER = "com.hamed.Photo-Editor";
				PRODUCT_NAME = "$(TARGET_NAME)";
				SWIFT_SWIFT3_OBJC_INFERENCE = Default;
				SWIFT_VERSION = 4.2;
			};
			name = Release;
		};
		205342172215FC6A00103ADD /* Debug */ = {
			isa = XCBuildConfiguration;
			buildSettings = {
				CLANG_CXX_LANGUAGE_STANDARD = "gnu++14";
				CLANG_ENABLE_OBJC_WEAK = YES;
				CLANG_WARN_UNGUARDED_AVAILABILITY = YES_AGGRESSIVE;
				CODE_SIGN_IDENTITY = "iPhone Developer";
				CODE_SIGN_STYLE = Automatic;
				CURRENT_PROJECT_VERSION = 1;
				DEFINES_MODULE = YES;
				DEVELOPMENT_TEAM = 9389TWFQML;
				DYLIB_COMPATIBILITY_VERSION = 1;
				DYLIB_CURRENT_VERSION = 1;
				DYLIB_INSTALL_NAME_BASE = "@rpath";
				GCC_C_LANGUAGE_STANDARD = gnu11;
				INFOPLIST_FILE = PhotoEditor/Info.plist;
				INSTALL_PATH = "$(LOCAL_LIBRARY_DIR)/Frameworks";
				IPHONEOS_DEPLOYMENT_TARGET = 10.0;
				LD_RUNPATH_SEARCH_PATHS = "$(inherited) @executable_path/Frameworks @loader_path/Frameworks";
				MTL_ENABLE_DEBUG_INFO = INCLUDE_SOURCE;
				MTL_FAST_MATH = YES;
				PRODUCT_BUNDLE_IDENTIFIER = com.dsc.PhotoEditor;
				PRODUCT_NAME = "$(TARGET_NAME:c99extidentifier)";
				SKIP_INSTALL = YES;
				SWIFT_VERSION = 4.2;
				TARGETED_DEVICE_FAMILY = "1,2";
				VERSIONING_SYSTEM = "apple-generic";
				VERSION_INFO_PREFIX = "";
			};
			name = Debug;
		};
		205342182215FC6A00103ADD /* Release */ = {
			isa = XCBuildConfiguration;
			buildSettings = {
				CLANG_CXX_LANGUAGE_STANDARD = "gnu++14";
				CLANG_ENABLE_OBJC_WEAK = YES;
				CLANG_WARN_UNGUARDED_AVAILABILITY = YES_AGGRESSIVE;
				CODE_SIGN_IDENTITY = "iPhone Developer";
				CODE_SIGN_STYLE = Automatic;
				CURRENT_PROJECT_VERSION = 1;
				DEFINES_MODULE = YES;
				DEVELOPMENT_TEAM = 9389TWFQML;
				DYLIB_COMPATIBILITY_VERSION = 1;
				DYLIB_CURRENT_VERSION = 1;
				DYLIB_INSTALL_NAME_BASE = "@rpath";
				GCC_C_LANGUAGE_STANDARD = gnu11;
				INFOPLIST_FILE = PhotoEditor/Info.plist;
				INSTALL_PATH = "$(LOCAL_LIBRARY_DIR)/Frameworks";
				IPHONEOS_DEPLOYMENT_TARGET = 10.0;
				LD_RUNPATH_SEARCH_PATHS = "$(inherited) @executable_path/Frameworks @loader_path/Frameworks";
				MTL_FAST_MATH = YES;
				PRODUCT_BUNDLE_IDENTIFIER = com.dsc.PhotoEditor;
				PRODUCT_NAME = "$(TARGET_NAME:c99extidentifier)";
				SKIP_INSTALL = YES;
				SWIFT_VERSION = 4.2;
				TARGETED_DEVICE_FAMILY = "1,2";
				VERSIONING_SYSTEM = "apple-generic";
				VERSION_INFO_PREFIX = "";
			};
			name = Release;
		};
/* End XCBuildConfiguration section */

/* Begin XCConfigurationList section */
		059EA7141EACB8780072C0FE /* Build configuration list for PBXProject "Photo Editor" */ = {
			isa = XCConfigurationList;
			buildConfigurations = (
				059EA7291EACB8790072C0FE /* Debug */,
				059EA72A1EACB8790072C0FE /* Release */,
			);
			defaultConfigurationIsVisible = 0;
			defaultConfigurationName = Release;
		};
		059EA72B1EACB8790072C0FE /* Build configuration list for PBXNativeTarget "Photo Editor" */ = {
			isa = XCConfigurationList;
			buildConfigurations = (
				059EA72C1EACB8790072C0FE /* Debug */,
				059EA72D1EACB8790072C0FE /* Release */,
			);
			defaultConfigurationIsVisible = 0;
			defaultConfigurationName = Release;
		};
		205342192215FC6A00103ADD /* Build configuration list for PBXNativeTarget "PhotoEditor" */ = {
			isa = XCConfigurationList;
			buildConfigurations = (
				205342172215FC6A00103ADD /* Debug */,
				205342182215FC6A00103ADD /* Release */,
			);
			defaultConfigurationIsVisible = 0;
			defaultConfigurationName = Release;
		};
/* End XCConfigurationList section */
	};
	rootObject = 059EA7111EACB8780072C0FE /* Project object */;
}
